
Microsoft Visual Studio Solution File, Format Version 12.00
# Visual Studio Version 16
VisualStudioVersion = 16.0.30621.155
MinimumVisualStudioVersion = 10.0.40219.1
Project("{9A19103F-16F7-4668-BE54-9A1E7A4F7556}") = "SimuBTree", "SimuBTree\SimuBTree.csproj", "{FFDA46EF-EDBA-471F-872F-D11FA8331138}"
EndProject
Project("{FAE04EC0-301F-11D3-BF4B-00C04F79EFBC}") = "Tests", "Tests\Tests.csproj", "{D980CA97-3E3A-498D-9470-7457EBD928B2}"
EndProject
Global
	GlobalSection(SolutionConfigurationPlatforms) = preSolution
		Debug|Any CPU = Debug|Any CPU
		Release|Any CPU = Release|Any CPU
	EndGlobalSection
	GlobalSection(ProjectConfigurationPlatforms) = postSolution
		{FFDA46EF-EDBA-471F-872F-D11FA8331138}.Debug|Any CPU.ActiveCfg = Debug|Any CPU
		{FFDA46EF-EDBA-471F-872F-D11FA8331138}.Debug|Any CPU.Build.0 = Debug|Any CPU
		{FFDA46EF-EDBA-471F-872F-D11FA8331138}.Release|Any CPU.ActiveCfg = Release|Any CPU
		{FFDA46EF-EDBA-471F-872F-D11FA8331138}.Release|Any CPU.Build.0 = Release|Any CPU
		{D980CA97-3E3A-498D-9470-7457EBD928B2}.Debug|Any CPU.ActiveCfg = Debug|Any CPU
		{D980CA97-3E3A-498D-9470-7457EBD928B2}.Debug|Any CPU.Build.0 = Debug|Any CPU
		{D980CA97-3E3A-498D-9470-7457EBD928B2}.Release|Any CPU.ActiveCfg = Release|Any CPU
		{D980CA97-3E3A-498D-9470-7457EBD928B2}.Release|Any CPU.Build.0 = Release|Any CPU
	EndGlobalSection
	GlobalSection(SolutionProperties) = preSolution
		HideSolutionNode = FALSE
	EndGlobalSection
	GlobalSection(ExtensibilityGlobals) = postSolution
		SolutionGuid = {7D3EF580-665D-459D-9C47-754FD929E168}
	EndGlobalSection
EndGlobal
